// !$*UTF8*$!
{
	archiveVersion = 1;
	classes = {
	};
	objectVersion = 46;
	objects = {

/* Begin PBXBuildFile section */
		795080B51E3044A20093FF44 /* AppDelegate.swift in Sources */ = {isa = PBXBuildFile; fileRef = 795080B41E3044A20093FF44 /* AppDelegate.swift */; };
		795080B71E3044A20093FF44 /* ViewController.swift in Sources */ = {isa = PBXBuildFile; fileRef = 795080B61E3044A20093FF44 /* ViewController.swift */; };
		795080BA1E3044A20093FF44 /* Main.storyboard in Resources */ = {isa = PBXBuildFile; fileRef = 795080B81E3044A20093FF44 /* Main.storyboard */; };
		795080BC1E3044A20093FF44 /* Assets.xcassets in Resources */ = {isa = PBXBuildFile; fileRef = 795080BB1E3044A20093FF44 /* Assets.xcassets */; };
		795080BF1E3044A20093FF44 /* LaunchScreen.storyboard in Resources */ = {isa = PBXBuildFile; fileRef = 795080BD1E3044A20093FF44 /* LaunchScreen.storyboard */; };
		795080C81E3044F30093FF44 /* MapKit.framework in Frameworks */ = {isa = PBXBuildFile; fileRef = 795080C71E3044F30093FF44 /* MapKit.framework */; };
/* End PBXBuildFile section */

/* Begin PBXFileReference section */
		795080B11E3044A20093FF44 /* OverlayMap.app */ = {isa = PBXFileReference; explicitFileType = wrapper.application; includeInIndex = 0; path = OverlayMap.app; sourceTree = BUILT_PRODUCTS_DIR; };
		795080B41E3044A20093FF44 /* AppDelegate.swift */ = {isa = PBXFileReference; lastKnownFileType = sourcecode.swift; path = AppDelegate.swift; sourceTree = "<group>"; };
		795080B61E3044A20093FF44 /* ViewController.swift */ = {isa = PBXFileReference; lastKnownFileType = sourcecode.swift; path = ViewController.swift; sourceTree = "<group>"; };
		795080B91E3044A20093FF44 /* Base */ = {isa = PBXFileReference; lastKnownFileType = file.storyboard; name = Base; path = Base.lproj/Main.storyboard; sourceTree = "<group>"; };
		795080BB1E3044A20093FF44 /* Assets.xcassets */ = {isa = PBXFileReference; lastKnownFileType = folder.assetcatalog; path = Assets.xcassets; sourceTree = "<group>"; };
		795080BE1E3044A20093FF44 /* Base */ = {isa = PBXFileReference; lastKnownFileType = file.storyboard; name = Base; path = Base.lproj/LaunchScreen.storyboard; sourceTree = "<group>"; };
		795080C01E3044A20093FF44 /* Info.plist */ = {isa = PBXFileReference; lastKnownFileType = text.plist.xml; path = Info.plist; sourceTree = "<group>"; };
		795080C71E3044F30093FF44 /* MapKit.framework */ = {isa = PBXFileReference; lastKnownFileType = wrapper.framework; name = MapKit.framework; path = System/Library/Frameworks/MapKit.framework; sourceTree = SDKROOT; };
/* End PBXFileReference section */

/* Begin PBXFrameworksBuildPhase section */
		795080AE1E3044A20093FF44 /* Frameworks */ = {
			isa = PBXFrameworksBuildPhase;
			buildActionMask = 2147483647;
			files = (
				795080C81E3044F30093FF44 /* MapKit.framework in Frameworks */,
			);
			runOnlyForDeploymentPostprocessing = 0;
		};
/* End PBXFrameworksBuildPhase section */

/* Begin PBXGroup section */
		795080A81E3044A20093FF44 = {
			isa = PBXGroup;
			children = (
				795080B31E3044A20093FF44 /* OverlayMap */,
				795080B21E3044A20093FF44 /* Products */,
				795080C61E3044F30093FF44 /* Frameworks */,
			);
			sourceTree = "<group>";
		};
		795080B21E3044A20093FF44 /* Products */ = {
			isa = PBXGroup;
			children = (
				795080B11E3044A20093FF44 /* OverlayMap.app */,
			);
			name = Products;
			sourceTree = "<group>";
		};
		795080B31E3044A20093FF44 /* OverlayMap */ = {
			isa = PBXGroup;
			children = (
				795080B41E3044A20093FF44 /* AppDelegate.swift */,
				795080B61E3044A20093FF44 /* ViewController.swift */,
				795080B81E3044A20093FF44 /* Main.storyboard */,
				795080BB1E3044A20093FF44 /* Assets.xcassets */,
				795080BD1E3044A20093FF44 /* LaunchScreen.storyboard */,
				795080C01E3044A20093FF44 /* Info.plist */,
			);
			path = OverlayMap;
			sourceTree = "<group>";
		};
		795080C61E3044F30093FF44 /* Frameworks */ = {
			isa = PBXGroup;
			children = (
				795080C71E3044F30093FF44 /* MapKit.framework */,
			);
			name = Frameworks;
			sourceTree = "<group>";
		};
/* End PBXGroup section */

/* Begin PBXNativeTarget section */
		795080B01E3044A20093FF44 /* OverlayMap */ = {
			isa = PBXNativeTarget;
			buildConfigurationList = 795080C31E3044A20093FF44 /* Build configuration list for PBXNativeTarget "OverlayMap" */;
			buildPhases = (
				795080AD1E3044A20093FF44 /* Sources */,
				795080AE1E3044A20093FF44 /* Frameworks */,
				795080AF1E3044A20093FF44 /* Resources */,
			);
			buildRules = (
			);
			dependencies = (
			);
			name = OverlayMap;
			productName = OverlayMap;
			productReference = 795080B11E3044A20093FF44 /* OverlayMap.app */;
			productType = "com.apple.product-type.application";
		};
/* End PBXNativeTarget section */

/* Begin PBXProject section */
		795080A91E3044A20093FF44 /* Project object */ = {
			isa = PBXProject;
			attributes = {
				LastSwiftUpdateCheck = 0820;
				LastUpgradeCheck = 0820;
				ORGANIZATIONNAME = "Aziz Javed";
				TargetAttributes = {
					795080B01E3044A20093FF44 = {
						CreatedOnToolsVersion = 8.2.1;
						ProvisioningStyle = Automatic;
						SystemCapabilities = {
							com.apple.Maps.iOS = {
								enabled = 1;
							};
						};
					};
				};
			};
			buildConfigurationList = 795080AC1E3044A20093FF44 /* Build configuration list for PBXProject "OverlayMap" */;
			compatibilityVersion = "Xcode 3.2";
			developmentRegion = English;
			hasScannedForEncodings = 0;
			knownRegions = (
				en,
				Base,
			);
			mainGroup = 795080A81E3044A20093FF44;
			productRefGroup = 795080B21E3044A20093FF44 /* Products */;
			projectDirPath = "";
			projectRoot = "";
			targets = (
				795080B01E3044A20093FF44 /* OverlayMap */,
			);
		};
/* End PBXProject section */

/* Begin PBXResourcesBuildPhase section */
		795080AF1E3044A20093FF44 /* Resources */ = {
			isa = PBXResourcesBuildPhase;
			buildActionMask = 2147483647;
			files = (
				795080BF1E3044A20093FF44 /* LaunchScreen.storyboard in Resources */,
				795080BC1E3044A20093FF44 /* Assets.xcassets in Resources */,
				795080BA1E3044A20093FF44 /* Main.storyboard in Resources */,
			);
			runOnlyForDeploymentPostprocessing = 0;
		};
/* End PBXResourcesBuildPhase section */

/* Begin PBXSourcesBuildPhase section */
		795080AD1E3044A20093FF44 /* Sources */ = {
			isa = PBXSourcesBuildPhase;
			buildActionMask = 2147483647;
			files = (
				795080B71E3044A20093FF44 /* ViewController.swift in Sources */,
				795080B51E3044A20093FF44 /* AppDelegate.swift in Sources */,
			);
			runOnlyForDeploymentPostprocessing = 0;
		};
/* End PBXSourcesBuildPhase section */

/* Begin PBXVariantGroup section */
		795080B81E3044A20093FF44 /* Main.storyboard */ = {
			isa = PBXVariantGroup;
			children = (
				795080B91E3044A20093FF44 /* Base */,
			);
			name = Main.storyboard;
			sourceTree = "<group>";
		};
		795080BD1E3044A20093FF44 /* LaunchScreen.storyboard */ = {
			isa = PBXVariantGroup;
			children = (
				795080BE1E3044A20093FF44 /* Base */,
			);
			name = LaunchScreen.storyboard;
			sourceTree = "<group>";
		};
/* End PBXVariantGroup section */

/* Begin XCBuildConfiguration section */
		795080C11E3044A20093FF44 /* Debug */ = {
			isa = XCBuildConfiguration;
			buildSettings = {
				ALWAYS_SEARCH_USER_PATHS = NO;
				CLANG_ANALYZER_NONNULL = YES;
				CLANG_CXX_LANGUAGE_STANDARD = "gnu++0x";
				CLANG_CXX_LIBRARY = "libc++";
				CLANG_ENABLE_MODULES = YES;
				CLANG_ENABLE_OBJC_ARC = YES;
				CLANG_WARN_BOOL_CONVERSION = YES;
				CLANG_WARN_CONSTANT_CONVERSION = YES;
				CLANG_WARN_DIRECT_OBJC_ISA_USAGE = YES_ERROR;
				CLANG_WARN_DOCUMENTATION_COMMENTS = YES;
				CLANG_WARN_EMPTY_BODY = YES;
				CLANG_WARN_ENUM_CONVERSION = YES;
				CLANG_WARN_INFINITE_RECURSION = YES;
				CLANG_WARN_INT_CONVERSION = YES;
				CLANG_WARN_OBJC_ROOT_CLASS = YES_ERROR;
				CLANG_WARN_SUSPICIOUS_MOVE = YES;
				CLANG_WARN_UNREACHABLE_CODE = YES;
				CLANG_WARN__DUPLICATE_METHOD_MATCH = YES;
				"CODE_SIGN_IDENTITY[sdk=iphoneos*]" = "iPhone Developer";
				COPY_PHASE_STRIP = NO;
				DEBUG_INFORMATION_FORMAT = dwarf;
				ENABLE_STRICT_OBJC_MSGSEND = YES;
				ENABLE_TESTABILITY = YES;
				GCC_C_LANGUAGE_STANDARD = gnu99;
				GCC_DYNAMIC_NO_PIC = NO;
				GCC_NO_COMMON_BLOCKS = YES;
				GCC_OPTIMIZATION_LEVEL = 0;
				GCC_PREPROCESSOR_DEFINITIONS = (
					"DEBUG=1",
					"$(inherited)",
				);
				GCC_WARN_64_TO_32_BIT_CONVERSION = YES;
				GCC_WARN_ABOUT_RETURN_TYPE = YES_ERROR;
				GCC_WARN_UNDECLARED_SELECTOR = YES;
				GCC_WARN_UNINITIALIZED_AUTOS = YES_AGGRESSIVE;
				GCC_WARN_UNUSED_FUNCTION = YES;
				GCC_WARN_UNUSED_VARIABLE = YES;
				IPHONEOS_DEPLOYMENT_TARGET = 10.2;
				MTL_ENABLE_DEBUG_INFO = YES;
				ONLY_ACTIVE_ARCH = YES;
				SDKROOT = iphoneos;
				SWIFT_ACTIVE_COMPILATION_CONDITIONS = DEBUG;
				SWIFT_OPTIMIZATION_LEVEL = "-Onone";
				TARGETED_DEVICE_FAMILY = "1,2";
			};
			name = Debug;
		};
		795080C21E3044A20093FF44 /* Release */ = {
			isa = XCBuildConfiguration;
			buildSettings = {
				ALWAYS_SEARCH_USER_PATHS = NO;
				CLANG_ANALYZER_NONNULL = YES;
				CLANG_CXX_LANGUAGE_STANDARD = "gnu++0x";
				CLANG_CXX_LIBRARY = "libc++";
				CLANG_ENABLE_MODULES = YES;
				CLANG_ENABLE_OBJC_ARC = YES;
				CLANG_WARN_BOOL_CONVERSION = YES;
				CLANG_WARN_CONSTANT_CONVERSION = YES;
				CLANG_WARN_DIRECT_OBJC_ISA_USAGE = YES_ERROR;
				CLANG_WARN_DOCUMENTATION_COMMENTS = YES;
				CLANG_WARN_EMPTY_BODY = YES;
				CLANG_WARN_ENUM_CONVERSION = YES;
				CLANG_WARN_INFINITE_RECURSION = YES;
				CLANG_WARN_INT_CONVERSION = YES;
				CLANG_WARN_OBJC_ROOT_CLASS = YES_ERROR;
				CLANG_WARN_SUSPICIOUS_MOVE = YES;
				CLANG_WARN_UNREACHABLE_CODE = YES;
				CLANG_WARN__DUPLICATE_METHOD_MATCH = YES;
				"CODE_SIGN_IDENTITY[sdk=iphoneos*]" = "iPhone Developer";
				COPY_PHASE_STRIP = NO;
				DEBUG_INFORMATION_FORMAT = "dwarf-with-dsym";
				ENABLE_NS_ASSERTIONS = NO;
				ENABLE_STRICT_OBJC_MSGSEND = YES;
				GCC_C_LANGUAGE_STANDARD = gnu99;
				GCC_NO_COMMON_BLOCKS = YES;
				GCC_WARN_64_TO_32_BIT_CONVERSION = YES;
				GCC_WARN_ABOUT_RETURN_TYPE = YES_ERROR;
				GCC_WARN_UNDECLARED_SELECTOR = YES;
				GCC_WARN_UNINITIALIZED_AUTOS = YES_AGGRESSIVE;
				GCC_WARN_UNUSED_FUNCTION = YES;
				GCC_WARN_UNUSED_VARIABLE = YES;
				IPHONEOS_DEPLOYMENT_TARGET = 10.2;
				MTL_ENABLE_DEBUG_INFO = NO;
				SDKROOT = iphoneos;
				SWIFT_OPTIMIZATION_LEVEL = "-Owholemodule";
				TARGETED_DEVICE_FAMILY = "1,2";
				VALIDATE_PRODUCT = YES;
			};
			name = Release;
		};
		795080C41E3044A20093FF44 /* Debug */ = {
			isa = XCBuildConfiguration;
			buildSettings = {
				ASSETCATALOG_COMPILER_APPICON_NAME = AppIcon;
				INFOPLIST_FILE = OverlayMap/Info.plist;
				LD_RUNPATH_SEARCH_PATHS = "$(inherited) @executable_path/Frameworks";
				PRODUCT_BUNDLE_IDENTIFIER = com.aziz.OverlayMap;
				PRODUCT_NAME = "$(TARGET_NAME)";
				SWIFT_VERSION = 3.0;
			};
			name = Debug;
		};
		795080C51E3044A20093FF44 /* Release */ = {
			isa = XCBuildConfiguration;
			buildSettings = {
				ASSETCATALOG_COMPILER_APPICON_NAME = AppIcon;
				INFOPLIST_FILE = OverlayMap/Info.plist;
				LD_RUNPATH_SEARCH_PATHS = "$(inherited) @executable_path/Frameworks";
				PRODUCT_BUNDLE_IDENTIFIER = com.aziz.OverlayMap;
				PRODUCT_NAME = "$(TARGET_NAME)";
				SWIFT_VERSION = 3.0;
			};
			name = Release;
		};
/* End XCBuildConfiguration section */

/* Begin XCConfigurationList section */
		795080AC1E3044A20093FF44 /* Build configuration list for PBXProject "OverlayMap" */ = {
			isa = XCConfigurationList;
			buildConfigurations = (
				795080C11E3044A20093FF44 /* Debug */,
				795080C21E3044A20093FF44 /* Release */,
			);
			defaultConfigurationIsVisible = 0;
			defaultConfigurationName = Release;
		};
		795080C31E3044A20093FF44 /* Build configuration list for PBXNativeTarget "OverlayMap" */ = {
			isa = XCConfigurationList;
			buildConfigurations = (
				795080C41E3044A20093FF44 /* Debug */,
				795080C51E3044A20093FF44 /* Release */,
			);
			defaultConfigurationIsVisible = 0;
		};
/* End XCConfigurationList section */
	};
	rootObject = 795080A91E3044A20093FF44 /* Project object */;
}
